
Microsoft Visual Studio Solution File, Format Version 12.00
# Visual Studio Version 17
VisualStudioVersion = 17.10.35201.131
MinimumVisualStudioVersion = 10.0.40219.1
Project("{9A19103F-16F7-4668-BE54-9A1E7A4F7556}") = "MifareMagicCardIdentifier", "MifareMagicCardIdentifier\MifareMagicCardIdentifier.csproj", "{8B38947F-18C0-41D0-9343-BD7ACAB0DCE0}"
EndProject
Project("{9A19103F-16F7-4668-BE54-9A1E7A4F7556}") = "LibnfcSharp.Mifare", "LibnfcSharp\LibnfcSharp.Mifare\LibnfcSharp.Mifare.csproj", "{F73A68DA-42E4-4E45-91F2-F02D4C4F9EF4}"
EndProject
Project("{9A19103F-16F7-4668-BE54-9A1E7A4F7556}") = "LibnfcSharp", "LibnfcSharp\LibnfcSharp\LibnfcSharp.csproj", "{BEBBB53A-D4E7-443A-AC3B-3657285C269A}"
EndProject
Global
	GlobalSection(SolutionConfigurationPlatforms) = preSolution
		Debug|Any CPU = Debug|Any CPU
		Release|Any CPU = Release|Any CPU
	EndGlobalSection
	GlobalSection(ProjectConfigurationPlatforms) = postSolution
		{8B38947F-18C0-41D0-9343-BD7ACAB0DCE0}.Debug|Any CPU.ActiveCfg = Debug|Any CPU
		{8B38947F-18C0-41D0-9343-BD7ACAB0DCE0}.Debug|Any CPU.Build.0 = Debug|Any CPU
		{8B38947F-18C0-41D0-9343-BD7ACAB0DCE0}.Release|Any CPU.ActiveCfg = Release|Any CPU
		{8B38947F-18C0-41D0-9343-BD7ACAB0DCE0}.Release|Any CPU.Build.0 = Release|Any CPU
		{F73A68DA-42E4-4E45-91F2-F02D4C4F9EF4}.Debug|Any CPU.ActiveCfg = Debug|Any CPU
		{F73A68DA-42E4-4E45-91F2-F02D4C4F9EF4}.Debug|Any CPU.Build.0 = Debug|Any CPU
		{F73A68DA-42E4-4E45-91F2-F02D4C4F9EF4}.Release|Any CPU.ActiveCfg = Release|Any CPU
		{F73A68DA-42E4-4E45-91F2-F02D4C4F9EF4}.Release|Any CPU.Build.0 = Release|Any CPU
		{BEBBB53A-D4E7-443A-AC3B-3657285C269A}.Debug|Any CPU.ActiveCfg = Debug|Any CPU
		{BEBBB53A-D4E7-443A-AC3B-3657285C269A}.Debug|Any CPU.Build.0 = Debug|Any CPU
		{BEBBB53A-D4E7-443A-AC3B-3657285C269A}.Release|Any CPU.ActiveCfg = Release|Any CPU
		{BEBBB53A-D4E7-443A-AC3B-3657285C269A}.Release|Any CPU.Build.0 = Release|Any CPU
	EndGlobalSection
	GlobalSection(SolutionProperties) = preSolution
		HideSolutionNode = FALSE
	EndGlobalSection
	GlobalSection(ExtensibilityGlobals) = postSolution
		SolutionGuid = {4E92B61C-F969-4702-8145-1D69447157A1}
	EndGlobalSection
EndGlobal
